// !$*UTF8*$!
{
	archiveVersion = 1;
	classes = {
	};
	objectVersion = 56;
	objects = {

/* Begin PBXBuildFile section */
		1C325B4B2ADDA644007593D9 /* ListViewController.swift in Sources */ = {isa = PBXBuildFile; fileRef = 1C325B492ADDA644007593D9 /* ListViewController.swift */; };
		1C325B4C2ADDA644007593D9 /* ListViewController.xib in Resources */ = {isa = PBXBuildFile; fileRef = 1C325B4A2ADDA644007593D9 /* ListViewController.xib */; };
		1C325B4E2ADDA686007593D9 /* ListViewModel.swift in Sources */ = {isa = PBXBuildFile; fileRef = 1C325B4D2ADDA686007593D9 /* ListViewModel.swift */; };
		1C325B502ADDA69D007593D9 /* List.swift in Sources */ = {isa = PBXBuildFile; fileRef = 1C325B4F2ADDA69D007593D9 /* List.swift */; };
		1C325B592ADEF35B007593D9 /* ListCollectionViewCell.swift in Sources */ = {isa = PBXBuildFile; fileRef = 1C325B572ADEF35B007593D9 /* ListCollectionViewCell.swift */; };
		1C325B5A2ADEF35B007593D9 /* ListCollectionViewCell.xib in Resources */ = {isa = PBXBuildFile; fileRef = 1C325B582ADEF35B007593D9 /* ListCollectionViewCell.xib */; };
		1CF7C8712AAE2AA90069511C /* AppDelegate.swift in Sources */ = {isa = PBXBuildFile; fileRef = 1CF7C8702AAE2AA90069511C /* AppDelegate.swift */; };
		1CF7C87A2AAE2AAA0069511C /* Assets.xcassets in Resources */ = {isa = PBXBuildFile; fileRef = 1CF7C8792AAE2AAA0069511C /* Assets.xcassets */; };
		1CF7C87D2AAE2AAA0069511C /* LaunchScreen.storyboard in Resources */ = {isa = PBXBuildFile; fileRef = 1CF7C87B2AAE2AAA0069511C /* LaunchScreen.storyboard */; };
		1CF7C8A32AAE2CEE0069511C /* BooksViewController.swift in Sources */ = {isa = PBXBuildFile; fileRef = 1CF7C8A12AAE2CEE0069511C /* BooksViewController.swift */; };
		1CF7C8A62AAF1B500069511C /* BookViewModel.swift in Sources */ = {isa = PBXBuildFile; fileRef = 1CF7C8A52AAF1B500069511C /* BookViewModel.swift */; };
		1CF7C8A82AAF1C830069511C /* Books.swift in Sources */ = {isa = PBXBuildFile; fileRef = 1CF7C8A72AAF1C830069511C /* Books.swift */; };
		1CF7C8AD2AAF1DDF0069511C /* BooksTableViewCell.swift in Sources */ = {isa = PBXBuildFile; fileRef = 1CF7C8AB2AAF1DDF0069511C /* BooksTableViewCell.swift */; };
		1CF7C8AE2AAF1DDF0069511C /* BooksTableViewCell.xib in Resources */ = {isa = PBXBuildFile; fileRef = 1CF7C8AC2AAF1DDF0069511C /* BooksTableViewCell.xib */; };
/* End PBXBuildFile section */

/* Begin PBXFileReference section */
		1C325B492ADDA644007593D9 /* ListViewController.swift */ = {isa = PBXFileReference; lastKnownFileType = sourcecode.swift; path = ListViewController.swift; sourceTree = "<group>"; };
		1C325B4A2ADDA644007593D9 /* ListViewController.xib */ = {isa = PBXFileReference; lastKnownFileType = file.xib; path = ListViewController.xib; sourceTree = "<group>"; };
		1C325B4D2ADDA686007593D9 /* ListViewModel.swift */ = {isa = PBXFileReference; lastKnownFileType = sourcecode.swift; path = ListViewModel.swift; sourceTree = "<group>"; };
		1C325B4F2ADDA69D007593D9 /* List.swift */ = {isa = PBXFileReference; lastKnownFileType = sourcecode.swift; path = List.swift; sourceTree = "<group>"; };
		1C325B572ADEF35B007593D9 /* ListCollectionViewCell.swift */ = {isa = PBXFileReference; lastKnownFileType = sourcecode.swift; path = ListCollectionViewCell.swift; sourceTree = "<group>"; };
		1C325B582ADEF35B007593D9 /* ListCollectionViewCell.xib */ = {isa = PBXFileReference; lastKnownFileType = file.xib; path = ListCollectionViewCell.xib; sourceTree = "<group>"; };
		1CF7C86D2AAE2AA90069511C /* ListOfBooks.app */ = {isa = PBXFileReference; explicitFileType = wrapper.application; includeInIndex = 0; path = ListOfBooks.app; sourceTree = BUILT_PRODUCTS_DIR; };
		1CF7C8702AAE2AA90069511C /* AppDelegate.swift */ = {isa = PBXFileReference; lastKnownFileType = sourcecode.swift; path = AppDelegate.swift; sourceTree = "<group>"; };
		1CF7C8792AAE2AAA0069511C /* Assets.xcassets */ = {isa = PBXFileReference; lastKnownFileType = folder.assetcatalog; path = Assets.xcassets; sourceTree = "<group>"; };
		1CF7C87C2AAE2AAA0069511C /* Base */ = {isa = PBXFileReference; lastKnownFileType = file.storyboard; name = Base; path = Base.lproj/LaunchScreen.storyboard; sourceTree = "<group>"; };
		1CF7C87E2AAE2AAA0069511C /* Info.plist */ = {isa = PBXFileReference; lastKnownFileType = text.plist.xml; path = Info.plist; sourceTree = "<group>"; };
		1CF7C8A12AAE2CEE0069511C /* BooksViewController.swift */ = {isa = PBXFileReference; lastKnownFileType = sourcecode.swift; path = BooksViewController.swift; sourceTree = "<group>"; };
		1CF7C8A52AAF1B500069511C /* BookViewModel.swift */ = {isa = PBXFileReference; lastKnownFileType = sourcecode.swift; path = BookViewModel.swift; sourceTree = "<group>"; };
		1CF7C8A72AAF1C830069511C /* Books.swift */ = {isa = PBXFileReference; lastKnownFileType = sourcecode.swift; path = Books.swift; sourceTree = "<group>"; };
		1CF7C8AB2AAF1DDF0069511C /* BooksTableViewCell.swift */ = {isa = PBXFileReference; lastKnownFileType = sourcecode.swift; path = BooksTableViewCell.swift; sourceTree = "<group>"; };
		1CF7C8AC2AAF1DDF0069511C /* BooksTableViewCell.xib */ = {isa = PBXFileReference; lastKnownFileType = file.xib; path = BooksTableViewCell.xib; sourceTree = "<group>"; };
/* End PBXFileReference section */

/* Begin PBXFrameworksBuildPhase section */
		1CF7C86A2AAE2AA90069511C /* Frameworks */ = {
			isa = PBXFrameworksBuildPhase;
			buildActionMask = 2147483647;
			files = (
			);
			runOnlyForDeploymentPostprocessing = 0;
		};
/* End PBXFrameworksBuildPhase section */

/* Begin PBXGroup section */
		1C325B432ADDA588007593D9 /* ListViewController */ = {
			isa = PBXGroup;
			children = (
				1C325B492ADDA644007593D9 /* ListViewController.swift */,
				1C325B4A2ADDA644007593D9 /* ListViewController.xib */,
				1C325B4D2ADDA686007593D9 /* ListViewModel.swift */,
				1C325B4F2ADDA69D007593D9 /* List.swift */,
				1C325B512ADDA6A6007593D9 /* ListTableViewCell */,
			);
			path = ListViewController;
			sourceTree = "<group>";
		};
		1C325B512ADDA6A6007593D9 /* ListTableViewCell */ = {
			isa = PBXGroup;
			children = (
				1C325B572ADEF35B007593D9 /* ListCollectionViewCell.swift */,
				1C325B582ADEF35B007593D9 /* ListCollectionViewCell.xib */,
			);
			path = ListTableViewCell;
			sourceTree = "<group>";
		};
		1CF7C8642AAE2AA90069511C = {
			isa = PBXGroup;
			children = (
				1CF7C86F2AAE2AA90069511C /* ListOfBooks */,
				1CF7C86E2AAE2AA90069511C /* Products */,
			);
			sourceTree = "<group>";
		};
		1CF7C86E2AAE2AA90069511C /* Products */ = {
			isa = PBXGroup;
			children = (
				1CF7C86D2AAE2AA90069511C /* ListOfBooks.app */,
			);
			name = Products;
			sourceTree = "<group>";
		};
		1CF7C86F2AAE2AA90069511C /* ListOfBooks */ = {
			isa = PBXGroup;
			children = (
				1CF7C8A02AAE2CCA0069511C /* BooksViewController */,
				1C325B432ADDA588007593D9 /* ListViewController */,
				1CF7C8702AAE2AA90069511C /* AppDelegate.swift */,
				1CF7C8792AAE2AAA0069511C /* Assets.xcassets */,
				1CF7C87B2AAE2AAA0069511C /* LaunchScreen.storyboard */,
				1CF7C87E2AAE2AAA0069511C /* Info.plist */,
			);
			path = ListOfBooks;
			sourceTree = "<group>";
		};
		1CF7C8A02AAE2CCA0069511C /* BooksViewController */ = {
			isa = PBXGroup;
			children = (
				1CF7C8A12AAE2CEE0069511C /* BooksViewController.swift */,
				1CF7C8A52AAF1B500069511C /* BookViewModel.swift */,
				1CF7C8A72AAF1C830069511C /* Books.swift */,
				1CF7C8A92AAF1DA00069511C /* BooksTableViewCell */,
			);
			path = BooksViewController;
			sourceTree = "<group>";
		};
		1CF7C8A92AAF1DA00069511C /* BooksTableViewCell */ = {
			isa = PBXGroup;
			children = (
				1CF7C8AB2AAF1DDF0069511C /* BooksTableViewCell.swift */,
				1CF7C8AC2AAF1DDF0069511C /* BooksTableViewCell.xib */,
			);
			path = BooksTableViewCell;
			sourceTree = "<group>";
		};
/* End PBXGroup section */

/* Begin PBXNativeTarget section */
		1CF7C86C2AAE2AA90069511C /* ListOfBooks */ = {
			isa = PBXNativeTarget;
			buildConfigurationList = 1CF7C8972AAE2AAA0069511C /* Build configuration list for PBXNativeTarget "ListOfBooks" */;
			buildPhases = (
				1CF7C8692AAE2AA90069511C /* Sources */,
				1CF7C86A2AAE2AA90069511C /* Frameworks */,
				1CF7C86B2AAE2AA90069511C /* Resources */,
			);
			buildRules = (
			);
			dependencies = (
			);
			name = ListOfBooks;
			productName = ListOfBooks;
			productReference = 1CF7C86D2AAE2AA90069511C /* ListOfBooks.app */;
			productType = "com.apple.product-type.application";
		};
/* End PBXNativeTarget section */

/* Begin PBXProject section */
		1CF7C8652AAE2AA90069511C /* Project object */ = {
			isa = PBXProject;
			attributes = {
				BuildIndependentTargetsInParallel = 1;
				LastSwiftUpdateCheck = 1430;
				LastUpgradeCheck = 1430;
				TargetAttributes = {
					1CF7C86C2AAE2AA90069511C = {
						CreatedOnToolsVersion = 14.3.1;
					};
				};
			};
			buildConfigurationList = 1CF7C8682AAE2AA90069511C /* Build configuration list for PBXProject "ListOfBooks" */;
			compatibilityVersion = "Xcode 14.0";
			developmentRegion = en;
			hasScannedForEncodings = 0;
			knownRegions = (
				en,
				Base,
			);
			mainGroup = 1CF7C8642AAE2AA90069511C;
			productRefGroup = 1CF7C86E2AAE2AA90069511C /* Products */;
			projectDirPath = "";
			projectRoot = "";
			targets = (
				1CF7C86C2AAE2AA90069511C /* ListOfBooks */,
			);
		};
/* End PBXProject section */

/* Begin PBXResourcesBuildPhase section */
		1CF7C86B2AAE2AA90069511C /* Resources */ = {
			isa = PBXResourcesBuildPhase;
			buildActionMask = 2147483647;
			files = (
				1C325B5A2ADEF35B007593D9 /* ListCollectionViewCell.xib in Resources */,
				1CF7C8AE2AAF1DDF0069511C /* BooksTableViewCell.xib in Resources */,
				1CF7C87D2AAE2AAA0069511C /* LaunchScreen.storyboard in Resources */,
				1C325B4C2ADDA644007593D9 /* ListViewController.xib in Resources */,
				1CF7C87A2AAE2AAA0069511C /* Assets.xcassets in Resources */,
			);
			runOnlyForDeploymentPostprocessing = 0;
		};
/* End PBXResourcesBuildPhase section */

/* Begin PBXSourcesBuildPhase section */
		1CF7C8692AAE2AA90069511C /* Sources */ = {
			isa = PBXSourcesBuildPhase;
			buildActionMask = 2147483647;
			files = (
				1C325B592ADEF35B007593D9 /* ListCollectionViewCell.swift in Sources */,
				1CF7C8AD2AAF1DDF0069511C /* BooksTableViewCell.swift in Sources */,
				1C325B502ADDA69D007593D9 /* List.swift in Sources */,
				1CF7C8A82AAF1C830069511C /* Books.swift in Sources */,
				1C325B4E2ADDA686007593D9 /* ListViewModel.swift in Sources */,
				1C325B4B2ADDA644007593D9 /* ListViewController.swift in Sources */,
				1CF7C8712AAE2AA90069511C /* AppDelegate.swift in Sources */,
				1CF7C8A32AAE2CEE0069511C /* BooksViewController.swift in Sources */,
				1CF7C8A62AAF1B500069511C /* BookViewModel.swift in Sources */,
			);
			runOnlyForDeploymentPostprocessing = 0;
		};
/* End PBXSourcesBuildPhase section */

/* Begin PBXVariantGroup section */
		1CF7C87B2AAE2AAA0069511C /* LaunchScreen.storyboard */ = {
			isa = PBXVariantGroup;
			children = (
				1CF7C87C2AAE2AAA0069511C /* Base */,
			);
			name = LaunchScreen.storyboard;
			sourceTree = "<group>";
		};
/* End PBXVariantGroup section */

/* Begin XCBuildConfiguration section */
		1CF7C8952AAE2AAA0069511C /* Debug */ = {
			isa = XCBuildConfiguration;
			buildSettings = {
				ALWAYS_SEARCH_USER_PATHS = NO;
				CLANG_ANALYZER_NONNULL = YES;
				CLANG_ANALYZER_NUMBER_OBJECT_CONVERSION = YES_AGGRESSIVE;
				CLANG_CXX_LANGUAGE_STANDARD = "gnu++20";
				CLANG_ENABLE_MODULES = YES;
				CLANG_ENABLE_OBJC_ARC = YES;
				CLANG_ENABLE_OBJC_WEAK = YES;
				CLANG_WARN_BLOCK_CAPTURE_AUTORELEASING = YES;
				CLANG_WARN_BOOL_CONVERSION = YES;
				CLANG_WARN_COMMA = YES;
				CLANG_WARN_CONSTANT_CONVERSION = YES;
				CLANG_WARN_DEPRECATED_OBJC_IMPLEMENTATIONS = YES;
				CLANG_WARN_DIRECT_OBJC_ISA_USAGE = YES_ERROR;
				CLANG_WARN_DOCUMENTATION_COMMENTS = YES;
				CLANG_WARN_EMPTY_BODY = YES;
				CLANG_WARN_ENUM_CONVERSION = YES;
				CLANG_WARN_INFINITE_RECURSION = YES;
				CLANG_WARN_INT_CONVERSION = YES;
				CLANG_WARN_NON_LITERAL_NULL_CONVERSION = YES;
				CLANG_WARN_OBJC_IMPLICIT_RETAIN_SELF = YES;
				CLANG_WARN_OBJC_LITERAL_CONVERSION = YES;
				CLANG_WARN_OBJC_ROOT_CLASS = YES_ERROR;
				CLANG_WARN_QUOTED_INCLUDE_IN_FRAMEWORK_HEADER = YES;
				CLANG_WARN_RANGE_LOOP_ANALYSIS = YES;
				CLANG_WARN_STRICT_PROTOTYPES = YES;
				CLANG_WARN_SUSPICIOUS_MOVE = YES;
				CLANG_WARN_UNGUARDED_AVAILABILITY = YES_AGGRESSIVE;
				CLANG_WARN_UNREACHABLE_CODE = YES;
				CLANG_WARN__DUPLICATE_METHOD_MATCH = YES;
				COPY_PHASE_STRIP = NO;
				DEBUG_INFORMATION_FORMAT = dwarf;
				ENABLE_STRICT_OBJC_MSGSEND = YES;
				ENABLE_TESTABILITY = YES;
				GCC_C_LANGUAGE_STANDARD = gnu11;
				GCC_DYNAMIC_NO_PIC = NO;
				GCC_NO_COMMON_BLOCKS = YES;
				GCC_OPTIMIZATION_LEVEL = 0;
				GCC_PREPROCESSOR_DEFINITIONS = (
					"DEBUG=1",
					"$(inherited)",
				);
				GCC_WARN_64_TO_32_BIT_CONVERSION = YES;
				GCC_WARN_ABOUT_RETURN_TYPE = YES_ERROR;
				GCC_WARN_UNDECLARED_SELECTOR = YES;
				GCC_WARN_UNINITIALIZED_AUTOS = YES_AGGRESSIVE;
				GCC_WARN_UNUSED_FUNCTION = YES;
				GCC_WARN_UNUSED_VARIABLE = YES;
				IPHONEOS_DEPLOYMENT_TARGET = 16.4;
				MTL_ENABLE_DEBUG_INFO = INCLUDE_SOURCE;
				MTL_FAST_MATH = YES;
				ONLY_ACTIVE_ARCH = YES;
				SDKROOT = iphoneos;
				SWIFT_ACTIVE_COMPILATION_CONDITIONS = DEBUG;
				SWIFT_OPTIMIZATION_LEVEL = "-Onone";
			};
			name = Debug;
		};
		1CF7C8962AAE2AAA0069511C /* Release */ = {
			isa = XCBuildConfiguration;
			buildSettings = {
				ALWAYS_SEARCH_USER_PATHS = NO;
				CLANG_ANALYZER_NONNULL = YES;
				CLANG_ANALYZER_NUMBER_OBJECT_CONVERSION = YES_AGGRESSIVE;
				CLANG_CXX_LANGUAGE_STANDARD = "gnu++20";
				CLANG_ENABLE_MODULES = YES;
				CLANG_ENABLE_OBJC_ARC = YES;
				CLANG_ENABLE_OBJC_WEAK = YES;
				CLANG_WARN_BLOCK_CAPTURE_AUTORELEASING = YES;
				CLANG_WARN_BOOL_CONVERSION = YES;
				CLANG_WARN_COMMA = YES;
				CLANG_WARN_CONSTANT_CONVERSION = YES;
				CLANG_WARN_DEPRECATED_OBJC_IMPLEMENTATIONS = YES;
				CLANG_WARN_DIRECT_OBJC_ISA_USAGE = YES_ERROR;
				CLANG_WARN_DOCUMENTATION_COMMENTS = YES;
				CLANG_WARN_EMPTY_BODY = YES;
				CLANG_WARN_ENUM_CONVERSION = YES;
				CLANG_WARN_INFINITE_RECURSION = YES;
				CLANG_WARN_INT_CONVERSION = YES;
				CLANG_WARN_NON_LITERAL_NULL_CONVERSION = YES;
				CLANG_WARN_OBJC_IMPLICIT_RETAIN_SELF = YES;
				CLANG_WARN_OBJC_LITERAL_CONVERSION = YES;
				CLANG_WARN_OBJC_ROOT_CLASS = YES_ERROR;
				CLANG_WARN_QUOTED_INCLUDE_IN_FRAMEWORK_HEADER = YES;
				CLANG_WARN_RANGE_LOOP_ANALYSIS = YES;
				CLANG_WARN_STRICT_PROTOTYPES = YES;
				CLANG_WARN_SUSPICIOUS_MOVE = YES;
				CLANG_WARN_UNGUARDED_AVAILABILITY = YES_AGGRESSIVE;
				CLANG_WARN_UNREACHABLE_CODE = YES;
				CLANG_WARN__DUPLICATE_METHOD_MATCH = YES;
				COPY_PHASE_STRIP = NO;
				DEBUG_INFORMATION_FORMAT = "dwarf-with-dsym";
				ENABLE_NS_ASSERTIONS = NO;
				ENABLE_STRICT_OBJC_MSGSEND = YES;
				GCC_C_LANGUAGE_STANDARD = gnu11;
				GCC_NO_COMMON_BLOCKS = YES;
				GCC_WARN_64_TO_32_BIT_CONVERSION = YES;
				GCC_WARN_ABOUT_RETURN_TYPE = YES_ERROR;
				GCC_WARN_UNDECLARED_SELECTOR = YES;
				GCC_WARN_UNINITIALIZED_AUTOS = YES_AGGRESSIVE;
				GCC_WARN_UNUSED_FUNCTION = YES;
				GCC_WARN_UNUSED_VARIABLE = YES;
				IPHONEOS_DEPLOYMENT_TARGET = 16.4;
				MTL_ENABLE_DEBUG_INFO = NO;
				MTL_FAST_MATH = YES;
				SDKROOT = iphoneos;
				SWIFT_COMPILATION_MODE = wholemodule;
				SWIFT_OPTIMIZATION_LEVEL = "-O";
				VALIDATE_PRODUCT = YES;
			};
			name = Release;
		};
		1CF7C8982AAE2AAA0069511C /* Debug */ = {
			isa = XCBuildConfiguration;
			buildSettings = {
				ASSETCATALOG_COMPILER_APPICON_NAME = AppIcon;
				ASSETCATALOG_COMPILER_GLOBAL_ACCENT_COLOR_NAME = AccentColor;
				CODE_SIGN_STYLE = Automatic;
				CURRENT_PROJECT_VERSION = 1;
				DEVELOPMENT_TEAM = 597WJ9W585;
				GENERATE_INFOPLIST_FILE = YES;
				INFOPLIST_FILE = ListOfBooks/Info.plist;
				INFOPLIST_KEY_UIApplicationSupportsIndirectInputEvents = YES;
				INFOPLIST_KEY_UILaunchStoryboardName = LaunchScreen;
				INFOPLIST_KEY_UIMainStoryboardFile = "";
				INFOPLIST_KEY_UIStatusBarStyle = "";
				INFOPLIST_KEY_UISupportedInterfaceOrientations_iPad = "UIInterfaceOrientationPortrait UIInterfaceOrientationPortraitUpsideDown UIInterfaceOrientationLandscapeLeft UIInterfaceOrientationLandscapeRight";
				INFOPLIST_KEY_UISupportedInterfaceOrientations_iPhone = "UIInterfaceOrientationPortrait UIInterfaceOrientationLandscapeLeft UIInterfaceOrientationLandscapeRight";
				LD_RUNPATH_SEARCH_PATHS = (
					"$(inherited)",
					"@executable_path/Frameworks",
				);
				MARKETING_VERSION = 1.0;
				PRODUCT_BUNDLE_IDENTIFIER = ListOfBooks.ListOfBooks;
				PRODUCT_NAME = "$(TARGET_NAME)";
				SWIFT_EMIT_LOC_STRINGS = YES;
				SWIFT_VERSION = 5.0;
				TARGETED_DEVICE_FAMILY = "1,2";
			};
			name = Debug;
		};
		1CF7C8992AAE2AAA0069511C /* Release */ = {
			isa = XCBuildConfiguration;
			buildSettings = {
				ASSETCATALOG_COMPILER_APPICON_NAME = AppIcon;
				ASSETCATALOG_COMPILER_GLOBAL_ACCENT_COLOR_NAME = AccentColor;
				CODE_SIGN_STYLE = Automatic;
				CURRENT_PROJECT_VERSION = 1;
				DEVELOPMENT_TEAM = 597WJ9W585;
				GENERATE_INFOPLIST_FILE = YES;
				INFOPLIST_FILE = ListOfBooks/Info.plist;
				INFOPLIST_KEY_UIApplicationSupportsIndirectInputEvents = YES;
				INFOPLIST_KEY_UILaunchStoryboardName = LaunchScreen;
				INFOPLIST_KEY_UIMainStoryboardFile = "";
				INFOPLIST_KEY_UIStatusBarStyle = "";
				INFOPLIST_KEY_UISupportedInterfaceOrientations_iPad = "UIInterfaceOrientationPortrait UIInterfaceOrientationPortraitUpsideDown UIInterfaceOrientationLandscapeLeft UIInterfaceOrientationLandscapeRight";
				INFOPLIST_KEY_UISupportedInterfaceOrientations_iPhone = "UIInterfaceOrientationPortrait UIInterfaceOrientationLandscapeLeft UIInterfaceOrientationLandscapeRight";
				LD_RUNPATH_SEARCH_PATHS = (
					"$(inherited)",
					"@executable_path/Frameworks",
				);
				MARKETING_VERSION = 1.0;
				PRODUCT_BUNDLE_IDENTIFIER = ListOfBooks.ListOfBooks;
				PRODUCT_NAME = "$(TARGET_NAME)";
				SWIFT_EMIT_LOC_STRINGS = YES;
				SWIFT_VERSION = 5.0;
				TARGETED_DEVICE_FAMILY = "1,2";
			};
			name = Release;
		};
/* End XCBuildConfiguration section */

/* Begin XCConfigurationList section */
		1CF7C8682AAE2AA90069511C /* Build configuration list for PBXProject "ListOfBooks" */ = {
			isa = XCConfigurationList;
			buildConfigurations = (
				1CF7C8952AAE2AAA0069511C /* Debug */,
				1CF7C8962AAE2AAA0069511C /* Release */,
			);
			defaultConfigurationIsVisible = 0;
			defaultConfigurationName = Release;
		};
		1CF7C8972AAE2AAA0069511C /* Build configuration list for PBXNativeTarget "ListOfBooks" */ = {
			isa = XCConfigurationList;
			buildConfigurations = (
				1CF7C8982AAE2AAA0069511C /* Debug */,
				1CF7C8992AAE2AAA0069511C /* Release */,
			);
			defaultConfigurationIsVisible = 0;
			defaultConfigurationName = Release;
		};
/* End XCConfigurationList section */
	};
	rootObject = 1CF7C8652AAE2AA90069511C /* Project object */;
}
